
Microsoft Visual Studio Solution File, Format Version 12.00
# Visual Studio Version 16
VisualStudioVersion = 16.0.30523.141
MinimumVisualStudioVersion = 10.0.40219.1
Project("{FAE04EC0-301F-11D3-BF4B-00C04F79EFBC}") = "BaiTapThietKeForm", "BaiTapThietKeForm\BaiTapThietKeForm.csproj", "{D918105A-7713-4034-BA0F-8CA48DF1F671}"
EndProject
Global
	GlobalSection(SolutionConfigurationPlatforms) = preSolution
		Debug|Any CPU = Debug|Any CPU
		Release|Any CPU = Release|Any CPU
	EndGlobalSection
	GlobalSection(ProjectConfigurationPlatforms) = postSolution
		{D918105A-7713-4034-BA0F-8CA48DF1F671}.Debug|Any CPU.ActiveCfg = Debug|Any CPU
		{D918105A-7713-4034-BA0F-8CA48DF1F671}.Debug|Any CPU.Build.0 = Debug|Any CPU
		{D918105A-7713-4034-BA0F-8CA48DF1F671}.Release|Any CPU.ActiveCfg = Release|Any CPU
		{D918105A-7713-4034-BA0F-8CA48DF1F671}.Release|Any CPU.Build.0 = Release|Any CPU
	EndGlobalSection
	GlobalSection(SolutionProperties) = preSolution
		HideSolutionNode = FALSE
	EndGlobalSection
	GlobalSection(ExtensibilityGlobals) = postSolution
		SolutionGuid = {E6E6CE16-3CF1-4D9E-86C6-9F548BE35711}
	EndGlobalSection
EndGlobal
